// !$*UTF8*$!
{
	archiveVersion = 1;
	classes = {
	};
	objectVersion = 51;
	objects = {

/* Begin PBXBuildFile section */
		9DB30A536D0E6120EB45CC7C /* Pods_ProyectoAppMoviles2.framework in Frameworks */ = {isa = PBXBuildFile; fileRef = 22E4D6E746F9E6FB83AC835D /* Pods_ProyectoAppMoviles2.framework */; };
		F55ABB8225887C4700ED099A /* AppDelegate.swift in Sources */ = {isa = PBXBuildFile; fileRef = F55ABB8125887C4700ED099A /* AppDelegate.swift */; };
		F55ABB8425887C4700ED099A /* SceneDelegate.swift in Sources */ = {isa = PBXBuildFile; fileRef = F55ABB8325887C4700ED099A /* SceneDelegate.swift */; };
		F55ABB8625887C4700ED099A /* ViewController.swift in Sources */ = {isa = PBXBuildFile; fileRef = F55ABB8525887C4700ED099A /* ViewController.swift */; };
		F55ABB8925887C4700ED099A /* Main.storyboard in Resources */ = {isa = PBXBuildFile; fileRef = F55ABB8725887C4700ED099A /* Main.storyboard */; };
		F55ABB8C25887C4700ED099A /* ProyectoAppMoviles2.xcdatamodeld in Sources */ = {isa = PBXBuildFile; fileRef = F55ABB8A25887C4700ED099A /* ProyectoAppMoviles2.xcdatamodeld */; };
		F55ABB8E25887C4B00ED099A /* Assets.xcassets in Resources */ = {isa = PBXBuildFile; fileRef = F55ABB8D25887C4B00ED099A /* Assets.xcassets */; };
		F55ABB9125887C4B00ED099A /* LaunchScreen.storyboard in Resources */ = {isa = PBXBuildFile; fileRef = F55ABB8F25887C4B00ED099A /* LaunchScreen.storyboard */; };
		F56BD66D2594326400B5F082 /* CountriesManager.swift in Sources */ = {isa = PBXBuildFile; fileRef = F56BD66C2594326400B5F082 /* CountriesManager.swift */; };
		F56BD66F259432B800B5F082 /* GeoManager.swift in Sources */ = {isa = PBXBuildFile; fileRef = F56BD66E259432B800B5F082 /* GeoManager.swift */; };
		F576B277259D7708001C0B9E /* LoginViewController.swift in Sources */ = {isa = PBXBuildFile; fileRef = F576B276259D7708001C0B9E /* LoginViewController.swift */; };
		F576B279259D771B001C0B9E /* RegistrarViewController.swift in Sources */ = {isa = PBXBuildFile; fileRef = F576B278259D771B001C0B9E /* RegistrarViewController.swift */; };
		F58816FE259D6BB100F59DD9 /* GoogleService-Info.plist in Resources */ = {isa = PBXBuildFile; fileRef = F58816FD259D6BB100F59DD9 /* GoogleService-Info.plist */; };
/* End PBXBuildFile section */

/* Begin PBXFileReference section */
		22E4D6E746F9E6FB83AC835D /* Pods_ProyectoAppMoviles2.framework */ = {isa = PBXFileReference; explicitFileType = wrapper.framework; includeInIndex = 0; path = Pods_ProyectoAppMoviles2.framework; sourceTree = BUILT_PRODUCTS_DIR; };
		355F711F84EFF7AB49B0F758 /* Pods-ProyectoAppMoviles2.debug.xcconfig */ = {isa = PBXFileReference; includeInIndex = 1; lastKnownFileType = text.xcconfig; name = "Pods-ProyectoAppMoviles2.debug.xcconfig"; path = "Target Support Files/Pods-ProyectoAppMoviles2/Pods-ProyectoAppMoviles2.debug.xcconfig"; sourceTree = "<group>"; };
		44205675E3CB2D19294D5D95 /* Pods-ProyectoAppMoviles2.release.xcconfig */ = {isa = PBXFileReference; includeInIndex = 1; lastKnownFileType = text.xcconfig; name = "Pods-ProyectoAppMoviles2.release.xcconfig"; path = "Target Support Files/Pods-ProyectoAppMoviles2/Pods-ProyectoAppMoviles2.release.xcconfig"; sourceTree = "<group>"; };
		F55ABB7E25887C4700ED099A /* ProyectoAppMoviles2.app */ = {isa = PBXFileReference; explicitFileType = wrapper.application; includeInIndex = 0; path = ProyectoAppMoviles2.app; sourceTree = BUILT_PRODUCTS_DIR; };
		F55ABB8125887C4700ED099A /* AppDelegate.swift */ = {isa = PBXFileReference; lastKnownFileType = sourcecode.swift; path = AppDelegate.swift; sourceTree = "<group>"; };
		F55ABB8325887C4700ED099A /* SceneDelegate.swift */ = {isa = PBXFileReference; lastKnownFileType = sourcecode.swift; path = SceneDelegate.swift; sourceTree = "<group>"; };
		F55ABB8525887C4700ED099A /* ViewController.swift */ = {isa = PBXFileReference; lastKnownFileType = sourcecode.swift; path = ViewController.swift; sourceTree = "<group>"; };
		F55ABB8825887C4700ED099A /* Base */ = {isa = PBXFileReference; lastKnownFileType = file.storyboard; name = Base; path = Base.lproj/Main.storyboard; sourceTree = "<group>"; };
		F55ABB8B25887C4700ED099A /* ProyectoAppMoviles2.xcdatamodel */ = {isa = PBXFileReference; lastKnownFileType = wrapper.xcdatamodel; path = ProyectoAppMoviles2.xcdatamodel; sourceTree = "<group>"; };
		F55ABB8D25887C4B00ED099A /* Assets.xcassets */ = {isa = PBXFileReference; lastKnownFileType = folder.assetcatalog; path = Assets.xcassets; sourceTree = "<group>"; };
		F55ABB9025887C4B00ED099A /* Base */ = {isa = PBXFileReference; lastKnownFileType = file.storyboard; name = Base; path = Base.lproj/LaunchScreen.storyboard; sourceTree = "<group>"; };
		F55ABB9225887C4B00ED099A /* Info.plist */ = {isa = PBXFileReference; lastKnownFileType = text.plist.xml; path = Info.plist; sourceTree = "<group>"; };
		F56BD66C2594326400B5F082 /* CountriesManager.swift */ = {isa = PBXFileReference; lastKnownFileType = sourcecode.swift; path = CountriesManager.swift; sourceTree = "<group>"; };
		F56BD66E259432B800B5F082 /* GeoManager.swift */ = {isa = PBXFileReference; lastKnownFileType = sourcecode.swift; path = GeoManager.swift; sourceTree = "<group>"; };
		F576B276259D7708001C0B9E /* LoginViewController.swift */ = {isa = PBXFileReference; lastKnownFileType = sourcecode.swift; path = LoginViewController.swift; sourceTree = "<group>"; };
		F576B278259D771B001C0B9E /* RegistrarViewController.swift */ = {isa = PBXFileReference; lastKnownFileType = sourcecode.swift; path = RegistrarViewController.swift; sourceTree = "<group>"; };
		F58816FD259D6BB100F59DD9 /* GoogleService-Info.plist */ = {isa = PBXFileReference; fileEncoding = 4; lastKnownFileType = text.plist.xml; path = "GoogleService-Info.plist"; sourceTree = "<group>"; };
/* End PBXFileReference section */

/* Begin PBXFrameworksBuildPhase section */
		F55ABB7B25887C4700ED099A /* Frameworks */ = {
			isa = PBXFrameworksBuildPhase;
			buildActionMask = 2147483647;
			files = (
				9DB30A536D0E6120EB45CC7C /* Pods_ProyectoAppMoviles2.framework in Frameworks */,
			);
			runOnlyForDeploymentPostprocessing = 0;
		};
/* End PBXFrameworksBuildPhase section */

/* Begin PBXGroup section */
		465FFECB6C2CED99D92DA4C0 /* Pods */ = {
			isa = PBXGroup;
			children = (
				355F711F84EFF7AB49B0F758 /* Pods-ProyectoAppMoviles2.debug.xcconfig */,
				44205675E3CB2D19294D5D95 /* Pods-ProyectoAppMoviles2.release.xcconfig */,
			);
			path = Pods;
			sourceTree = "<group>";
		};
		B4E8A0CFEE3576FCA1FA7731 /* Frameworks */ = {
			isa = PBXGroup;
			children = (
				22E4D6E746F9E6FB83AC835D /* Pods_ProyectoAppMoviles2.framework */,
			);
			name = Frameworks;
			sourceTree = "<group>";
		};
		F55ABB7525887C4700ED099A = {
			isa = PBXGroup;
			children = (
				F55ABB8025887C4700ED099A /* ProyectoAppMoviles2 */,
				F55ABB7F25887C4700ED099A /* Products */,
				465FFECB6C2CED99D92DA4C0 /* Pods */,
				B4E8A0CFEE3576FCA1FA7731 /* Frameworks */,
			);
			sourceTree = "<group>";
		};
		F55ABB7F25887C4700ED099A /* Products */ = {
			isa = PBXGroup;
			children = (
				F55ABB7E25887C4700ED099A /* ProyectoAppMoviles2.app */,
			);
			name = Products;
			sourceTree = "<group>";
		};
		F55ABB8025887C4700ED099A /* ProyectoAppMoviles2 */ = {
			isa = PBXGroup;
			children = (
				F55ABB8125887C4700ED099A /* AppDelegate.swift */,
				F55ABB8325887C4700ED099A /* SceneDelegate.swift */,
				F56BD66C2594326400B5F082 /* CountriesManager.swift */,
				F56BD66E259432B800B5F082 /* GeoManager.swift */,
				F576B27B259D775E001C0B9E /* Vistas */,
				F55ABB8D25887C4B00ED099A /* Assets.xcassets */,
				F58816FD259D6BB100F59DD9 /* GoogleService-Info.plist */,
				F576B27A259D7725001C0B9E /* Controladores */,
				F55ABB9225887C4B00ED099A /* Info.plist */,
				F55ABB8A25887C4700ED099A /* ProyectoAppMoviles2.xcdatamodeld */,
			);
			path = ProyectoAppMoviles2;
			sourceTree = "<group>";
		};
		F576B27A259D7725001C0B9E /* Controladores */ = {
			isa = PBXGroup;
			children = (
				F55ABB8525887C4700ED099A /* ViewController.swift */,
				F576B276259D7708001C0B9E /* LoginViewController.swift */,
				F576B278259D771B001C0B9E /* RegistrarViewController.swift */,
			);
			path = Controladores;
			sourceTree = "<group>";
		};
		F576B27B259D775E001C0B9E /* Vistas */ = {
			isa = PBXGroup;
			children = (
				F55ABB8F25887C4B00ED099A /* LaunchScreen.storyboard */,
				F55ABB8725887C4700ED099A /* Main.storyboard */,
			);
			path = Vistas;
			sourceTree = "<group>";
		};
/* End PBXGroup section */

/* Begin PBXNativeTarget section */
		F55ABB7D25887C4700ED099A /* ProyectoAppMoviles2 */ = {
			isa = PBXNativeTarget;
			buildConfigurationList = F55ABB9525887C4B00ED099A /* Build configuration list for PBXNativeTarget "ProyectoAppMoviles2" */;
			buildPhases = (
				F6603F7C68C1920F980ACDC3 /* [CP] Check Pods Manifest.lock */,
				F55ABB7A25887C4700ED099A /* Sources */,
				F55ABB7B25887C4700ED099A /* Frameworks */,
				F55ABB7C25887C4700ED099A /* Resources */,
				66860BF04F2AE3F93B28125D /* [CP] Embed Pods Frameworks */,
			);
			buildRules = (
			);
			dependencies = (
			);
			name = ProyectoAppMoviles2;
			productName = ProyectoAppMoviles2;
			productReference = F55ABB7E25887C4700ED099A /* ProyectoAppMoviles2.app */;
			productType = "com.apple.product-type.application";
		};
/* End PBXNativeTarget section */

/* Begin PBXProject section */
		F55ABB7625887C4700ED099A /* Project object */ = {
			isa = PBXProject;
			attributes = {
				LastSwiftUpdateCheck = 1130;
				LastUpgradeCheck = 1130;
				ORGANIZATIONNAME = "Blanca Cordova";
				TargetAttributes = {
					F55ABB7D25887C4700ED099A = {
						CreatedOnToolsVersion = 11.3.1;
					};
				};
			};
			buildConfigurationList = F55ABB7925887C4700ED099A /* Build configuration list for PBXProject "ProyectoAppMoviles2" */;
			compatibilityVersion = "Xcode 9.3";
			developmentRegion = en;
			hasScannedForEncodings = 0;
			knownRegions = (
				en,
				Base,
			);
			mainGroup = F55ABB7525887C4700ED099A;
			productRefGroup = F55ABB7F25887C4700ED099A /* Products */;
			projectDirPath = "";
			projectRoot = "";
			targets = (
				F55ABB7D25887C4700ED099A /* ProyectoAppMoviles2 */,
			);
		};
/* End PBXProject section */

/* Begin PBXResourcesBuildPhase section */
		F55ABB7C25887C4700ED099A /* Resources */ = {
			isa = PBXResourcesBuildPhase;
			buildActionMask = 2147483647;
			files = (
				F55ABB9125887C4B00ED099A /* LaunchScreen.storyboard in Resources */,
				F58816FE259D6BB100F59DD9 /* GoogleService-Info.plist in Resources */,
				F55ABB8E25887C4B00ED099A /* Assets.xcassets in Resources */,
				F55ABB8925887C4700ED099A /* Main.storyboard in Resources */,
			);
			runOnlyForDeploymentPostprocessing = 0;
		};
/* End PBXResourcesBuildPhase section */

/* Begin PBXShellScriptBuildPhase section */
		66860BF04F2AE3F93B28125D /* [CP] Embed Pods Frameworks */ = {
			isa = PBXShellScriptBuildPhase;
			buildActionMask = 2147483647;
			files = (
			);
			inputFileListPaths = (
				"${PODS_ROOT}/Target Support Files/Pods-ProyectoAppMoviles2/Pods-ProyectoAppMoviles2-frameworks-${CONFIGURATION}-input-files.xcfilelist",
			);
			name = "[CP] Embed Pods Frameworks";
			outputFileListPaths = (
				"${PODS_ROOT}/Target Support Files/Pods-ProyectoAppMoviles2/Pods-ProyectoAppMoviles2-frameworks-${CONFIGURATION}-output-files.xcfilelist",
			);
			runOnlyForDeploymentPostprocessing = 0;
			shellPath = /bin/sh;
			shellScript = "\"${PODS_ROOT}/Target Support Files/Pods-ProyectoAppMoviles2/Pods-ProyectoAppMoviles2-frameworks.sh\"\n";
			showEnvVarsInLog = 0;
		};
		F6603F7C68C1920F980ACDC3 /* [CP] Check Pods Manifest.lock */ = {
			isa = PBXShellScriptBuildPhase;
			buildActionMask = 2147483647;
			files = (
			);
			inputFileListPaths = (
			);
			inputPaths = (
				"${PODS_PODFILE_DIR_PATH}/Podfile.lock",
				"${PODS_ROOT}/Manifest.lock",
			);
			name = "[CP] Check Pods Manifest.lock";
			outputFileListPaths = (
			);
			outputPaths = (
				"$(DERIVED_FILE_DIR)/Pods-ProyectoAppMoviles2-checkManifestLockResult.txt",
			);
			runOnlyForDeploymentPostprocessing = 0;
			shellPath = /bin/sh;
			shellScript = "diff \"${PODS_PODFILE_DIR_PATH}/Podfile.lock\" \"${PODS_ROOT}/Manifest.lock\" > /dev/null\nif [ $? != 0 ] ; then\n    # print error to STDERR\n    echo \"error: The sandbox is not in sync with the Podfile.lock. Run 'pod install' or update your CocoaPods installation.\" >&2\n    exit 1\nfi\n# This output is used by Xcode 'outputs' to avoid re-running this script phase.\necho \"SUCCESS\" > \"${SCRIPT_OUTPUT_FILE_0}\"\n";
			showEnvVarsInLog = 0;
		};
/* End PBXShellScriptBuildPhase section */

/* Begin PBXSourcesBuildPhase section */
		F55ABB7A25887C4700ED099A /* Sources */ = {
			isa = PBXSourcesBuildPhase;
			buildActionMask = 2147483647;
			files = (
				F576B277259D7708001C0B9E /* LoginViewController.swift in Sources */,
				F56BD66F259432B800B5F082 /* GeoManager.swift in Sources */,
				F576B279259D771B001C0B9E /* RegistrarViewController.swift in Sources */,
				F55ABB8625887C4700ED099A /* ViewController.swift in Sources */,
				F55ABB8225887C4700ED099A /* AppDelegate.swift in Sources */,
				F55ABB8C25887C4700ED099A /* ProyectoAppMoviles2.xcdatamodeld in Sources */,
				F56BD66D2594326400B5F082 /* CountriesManager.swift in Sources */,
				F55ABB8425887C4700ED099A /* SceneDelegate.swift in Sources */,
			);
			runOnlyForDeploymentPostprocessing = 0;
		};
/* End PBXSourcesBuildPhase section */

/* Begin PBXVariantGroup section */
		F55ABB8725887C4700ED099A /* Main.storyboard */ = {
			isa = PBXVariantGroup;
			children = (
				F55ABB8825887C4700ED099A /* Base */,
			);
			name = Main.storyboard;
			sourceTree = "<group>";
		};
		F55ABB8F25887C4B00ED099A /* LaunchScreen.storyboard */ = {
			isa = PBXVariantGroup;
			children = (
				F55ABB9025887C4B00ED099A /* Base */,
			);
			name = LaunchScreen.storyboard;
			sourceTree = "<group>";
		};
/* End PBXVariantGroup section */

/* Begin XCBuildConfiguration section */
		F55ABB9325887C4B00ED099A /* Debug */ = {
			isa = XCBuildConfiguration;
			buildSettings = {
				ALWAYS_SEARCH_USER_PATHS = NO;
				CLANG_ANALYZER_NONNULL = YES;
				CLANG_ANALYZER_NUMBER_OBJECT_CONVERSION = YES_AGGRESSIVE;
				CLANG_CXX_LANGUAGE_STANDARD = "gnu++14";
				CLANG_CXX_LIBRARY = "libc++";
				CLANG_ENABLE_MODULES = YES;
				CLANG_ENABLE_OBJC_ARC = YES;
				CLANG_ENABLE_OBJC_WEAK = YES;
				CLANG_WARN_BLOCK_CAPTURE_AUTORELEASING = YES;
				CLANG_WARN_BOOL_CONVERSION = YES;
				CLANG_WARN_COMMA = YES;
				CLANG_WARN_CONSTANT_CONVERSION = YES;
				CLANG_WARN_DEPRECATED_OBJC_IMPLEMENTATIONS = YES;
				CLANG_WARN_DIRECT_OBJC_ISA_USAGE = YES_ERROR;
				CLANG_WARN_DOCUMENTATION_COMMENTS = YES;
				CLANG_WARN_EMPTY_BODY = YES;
				CLANG_WARN_ENUM_CONVERSION = YES;
				CLANG_WARN_INFINITE_RECURSION = YES;
				CLANG_WARN_INT_CONVERSION = YES;
				CLANG_WARN_NON_LITERAL_NULL_CONVERSION = YES;
				CLANG_WARN_OBJC_IMPLICIT_RETAIN_SELF = YES;
				CLANG_WARN_OBJC_LITERAL_CONVERSION = YES;
				CLANG_WARN_OBJC_ROOT_CLASS = YES_ERROR;
				CLANG_WARN_RANGE_LOOP_ANALYSIS = YES;
				CLANG_WARN_STRICT_PROTOTYPES = YES;
				CLANG_WARN_SUSPICIOUS_MOVE = YES;
				CLANG_WARN_UNGUARDED_AVAILABILITY = YES_AGGRESSIVE;
				CLANG_WARN_UNREACHABLE_CODE = YES;
				CLANG_WARN__DUPLICATE_METHOD_MATCH = YES;
				COPY_PHASE_STRIP = NO;
				DEBUG_INFORMATION_FORMAT = dwarf;
				ENABLE_STRICT_OBJC_MSGSEND = YES;
				ENABLE_TESTABILITY = YES;
				GCC_C_LANGUAGE_STANDARD = gnu11;
				GCC_DYNAMIC_NO_PIC = NO;
				GCC_NO_COMMON_BLOCKS = YES;
				GCC_OPTIMIZATION_LEVEL = 0;
				GCC_PREPROCESSOR_DEFINITIONS = (
					"DEBUG=1",
					"$(inherited)",
				);
				GCC_WARN_64_TO_32_BIT_CONVERSION = YES;
				GCC_WARN_ABOUT_RETURN_TYPE = YES_ERROR;
				GCC_WARN_UNDECLARED_SELECTOR = YES;
				GCC_WARN_UNINITIALIZED_AUTOS = YES_AGGRESSIVE;
				GCC_WARN_UNUSED_FUNCTION = YES;
				GCC_WARN_UNUSED_VARIABLE = YES;
				IPHONEOS_DEPLOYMENT_TARGET = 13.2;
				MTL_ENABLE_DEBUG_INFO = INCLUDE_SOURCE;
				MTL_FAST_MATH = YES;
				ONLY_ACTIVE_ARCH = YES;
				SDKROOT = iphoneos;
				SWIFT_ACTIVE_COMPILATION_CONDITIONS = DEBUG;
				SWIFT_OPTIMIZATION_LEVEL = "-Onone";
			};
			name = Debug;
		};
		F55ABB9425887C4B00ED099A /* Release */ = {
			isa = XCBuildConfiguration;
			buildSettings = {
				ALWAYS_SEARCH_USER_PATHS = NO;
				CLANG_ANALYZER_NONNULL = YES;
				CLANG_ANALYZER_NUMBER_OBJECT_CONVERSION = YES_AGGRESSIVE;
				CLANG_CXX_LANGUAGE_STANDARD = "gnu++14";
				CLANG_CXX_LIBRARY = "libc++";
				CLANG_ENABLE_MODULES = YES;
				CLANG_ENABLE_OBJC_ARC = YES;
				CLANG_ENABLE_OBJC_WEAK = YES;
				CLANG_WARN_BLOCK_CAPTURE_AUTORELEASING = YES;
				CLANG_WARN_BOOL_CONVERSION = YES;
				CLANG_WARN_COMMA = YES;
				CLANG_WARN_CONSTANT_CONVERSION = YES;
				CLANG_WARN_DEPRECATED_OBJC_IMPLEMENTATIONS = YES;
				CLANG_WARN_DIRECT_OBJC_ISA_USAGE = YES_ERROR;
				CLANG_WARN_DOCUMENTATION_COMMENTS = YES;
				CLANG_WARN_EMPTY_BODY = YES;
				CLANG_WARN_ENUM_CONVERSION = YES;
				CLANG_WARN_INFINITE_RECURSION = YES;
				CLANG_WARN_INT_CONVERSION = YES;
				CLANG_WARN_NON_LITERAL_NULL_CONVERSION = YES;
				CLANG_WARN_OBJC_IMPLICIT_RETAIN_SELF = YES;
				CLANG_WARN_OBJC_LITERAL_CONVERSION = YES;
				CLANG_WARN_OBJC_ROOT_CLASS = YES_ERROR;
				CLANG_WARN_RANGE_LOOP_ANALYSIS = YES;
				CLANG_WARN_STRICT_PROTOTYPES = YES;
				CLANG_WARN_SUSPICIOUS_MOVE = YES;
				CLANG_WARN_UNGUARDED_AVAILABILITY = YES_AGGRESSIVE;
				CLANG_WARN_UNREACHABLE_CODE = YES;
				CLANG_WARN__DUPLICATE_METHOD_MATCH = YES;
				COPY_PHASE_STRIP = NO;
				DEBUG_INFORMATION_FORMAT = "dwarf-with-dsym";
				ENABLE_NS_ASSERTIONS = NO;
				ENABLE_STRICT_OBJC_MSGSEND = YES;
				GCC_C_LANGUAGE_STANDARD = gnu11;
				GCC_NO_COMMON_BLOCKS = YES;
				GCC_WARN_64_TO_32_BIT_CONVERSION = YES;
				GCC_WARN_ABOUT_RETURN_TYPE = YES_ERROR;
				GCC_WARN_UNDECLARED_SELECTOR = YES;
				GCC_WARN_UNINITIALIZED_AUTOS = YES_AGGRESSIVE;
				GCC_WARN_UNUSED_FUNCTION = YES;
				GCC_WARN_UNUSED_VARIABLE = YES;
				IPHONEOS_DEPLOYMENT_TARGET = 13.2;
				MTL_ENABLE_DEBUG_INFO = NO;
				MTL_FAST_MATH = YES;
				SDKROOT = iphoneos;
				SWIFT_COMPILATION_MODE = wholemodule;
				SWIFT_OPTIMIZATION_LEVEL = "-O";
				VALIDATE_PRODUCT = YES;
			};
			name = Release;
		};
		F55ABB9625887C4B00ED099A /* Debug */ = {
			isa = XCBuildConfiguration;
			baseConfigurationReference = 355F711F84EFF7AB49B0F758 /* Pods-ProyectoAppMoviles2.debug.xcconfig */;
			buildSettings = {
				ASSETCATALOG_COMPILER_APPICON_NAME = AppIcon;
				CODE_SIGN_STYLE = Automatic;
				INFOPLIST_FILE = ProyectoAppMoviles2/Info.plist;
				LD_RUNPATH_SEARCH_PATHS = (
					"$(inherited)",
					"@executable_path/Frameworks",
				);
				PRODUCT_BUNDLE_IDENTIFIER = com.blancacordova.ProyectoAppMoviles2;
				PRODUCT_NAME = "$(TARGET_NAME)";
				SWIFT_VERSION = 5.0;
				TARGETED_DEVICE_FAMILY = "1,2";
			};
			name = Debug;
		};
		F55ABB9725887C4B00ED099A /* Release */ = {
			isa = XCBuildConfiguration;
			baseConfigurationReference = 44205675E3CB2D19294D5D95 /* Pods-ProyectoAppMoviles2.release.xcconfig */;
			buildSettings = {
				ASSETCATALOG_COMPILER_APPICON_NAME = AppIcon;
				CODE_SIGN_STYLE = Automatic;
				INFOPLIST_FILE = ProyectoAppMoviles2/Info.plist;
				LD_RUNPATH_SEARCH_PATHS = (
					"$(inherited)",
					"@executable_path/Frameworks",
				);
				PRODUCT_BUNDLE_IDENTIFIER = com.blancacordova.ProyectoAppMoviles2;
				PRODUCT_NAME = "$(TARGET_NAME)";
				SWIFT_VERSION = 5.0;
				TARGETED_DEVICE_FAMILY = "1,2";
			};
			name = Release;
		};
/* End XCBuildConfiguration section */

/* Begin XCConfigurationList section */
		F55ABB7925887C4700ED099A /* Build configuration list for PBXProject "ProyectoAppMoviles2" */ = {
			isa = XCConfigurationList;
			buildConfigurations = (
				F55ABB9325887C4B00ED099A /* Debug */,
				F55ABB9425887C4B00ED099A /* Release */,
			);
			defaultConfigurationIsVisible = 0;
			defaultConfigurationName = Release;
		};
		F55ABB9525887C4B00ED099A /* Build configuration list for PBXNativeTarget "ProyectoAppMoviles2" */ = {
			isa = XCConfigurationList;
			buildConfigurations = (
				F55ABB9625887C4B00ED099A /* Debug */,
				F55ABB9725887C4B00ED099A /* Release */,
			);
			defaultConfigurationIsVisible = 0;
			defaultConfigurationName = Release;
		};
/* End XCConfigurationList section */

/* Begin XCVersionGroup section */
		F55ABB8A25887C4700ED099A /* ProyectoAppMoviles2.xcdatamodeld */ = {
			isa = XCVersionGroup;
			children = (
				F55ABB8B25887C4700ED099A /* ProyectoAppMoviles2.xcdatamodel */,
			);
			currentVersion = F55ABB8B25887C4700ED099A /* ProyectoAppMoviles2.xcdatamodel */;
			path = ProyectoAppMoviles2.xcdatamodeld;
			sourceTree = "<group>";
			versionGroupType = wrapper.xcdatamodel;
		};
/* End XCVersionGroup section */
	};
	rootObject = F55ABB7625887C4700ED099A /* Project object */;
}
